
Microsoft Visual Studio Solution File, Format Version 11.00
# Visual Studio 2010
Project("{FAE04EC0-301F-11D3-BF4B-00C04F79EFBC}") = "Euler Tests", "Euler Tests\Euler Tests.csproj", "{5327BA39-5D85-4E8F-928F-14ED9E4928FD}"
EndProject
Project("{2150E333-8FDC-42A3-9474-1A3956D46DE8}") = "Solution Items", "Solution Items", "{9EACF664-ECCE-44E8-AC6C-9268F8ED827A}"
	ProjectSection(SolutionItems) = preProject
		Local.testsettings = Local.testsettings
		Project Euler.vsmdi = Project Euler.vsmdi
		TraceAndTestImpact.testsettings = TraceAndTestImpact.testsettings
	EndProjectSection
EndProject
Project("{FAE04EC0-301F-11D3-BF4B-00C04F79EFBC}") = "Euler Problems", "Euler Problems\Euler Problems.csproj", "{09462FDB-2D40-45B3-A866-D0B00B0BFEC6}"
EndProject
Global
	GlobalSection(TestCaseManagementSettings) = postSolution
		CategoryFile = Project Euler.vsmdi
	EndGlobalSection
	GlobalSection(SolutionConfigurationPlatforms) = preSolution
		Debug|Any CPU = Debug|Any CPU
		Debug|Mixed Platforms = Debug|Mixed Platforms
		Debug|x86 = Debug|x86
		Release|Any CPU = Release|Any CPU
		Release|Mixed Platforms = Release|Mixed Platforms
		Release|x86 = Release|x86
	EndGlobalSection
	GlobalSection(ProjectConfigurationPlatforms) = postSolution
		{5327BA39-5D85-4E8F-928F-14ED9E4928FD}.Debug|Any CPU.ActiveCfg = Debug|Any CPU
		{5327BA39-5D85-4E8F-928F-14ED9E4928FD}.Debug|Any CPU.Build.0 = Debug|Any CPU
		{5327BA39-5D85-4E8F-928F-14ED9E4928FD}.Debug|Mixed Platforms.ActiveCfg = Debug|Any CPU
		{5327BA39-5D85-4E8F-928F-14ED9E4928FD}.Debug|Mixed Platforms.Build.0 = Debug|Any CPU
		{5327BA39-5D85-4E8F-928F-14ED9E4928FD}.Debug|x86.ActiveCfg = Debug|Any CPU
		{5327BA39-5D85-4E8F-928F-14ED9E4928FD}.Release|Any CPU.ActiveCfg = Release|Any CPU
		{5327BA39-5D85-4E8F-928F-14ED9E4928FD}.Release|Any CPU.Build.0 = Release|Any CPU
		{5327BA39-5D85-4E8F-928F-14ED9E4928FD}.Release|Mixed Platforms.ActiveCfg = Release|Any CPU
		{5327BA39-5D85-4E8F-928F-14ED9E4928FD}.Release|Mixed Platforms.Build.0 = Release|Any CPU
		{5327BA39-5D85-4E8F-928F-14ED9E4928FD}.Release|x86.ActiveCfg = Release|Any CPU
		{09462FDB-2D40-45B3-A866-D0B00B0BFEC6}.Debug|Any CPU.ActiveCfg = Debug|Any CPU
		{09462FDB-2D40-45B3-A866-D0B00B0BFEC6}.Debug|Any CPU.Build.0 = Debug|Any CPU
		{09462FDB-2D40-45B3-A866-D0B00B0BFEC6}.Debug|Mixed Platforms.ActiveCfg = Debug|Any CPU
		{09462FDB-2D40-45B3-A866-D0B00B0BFEC6}.Debug|Mixed Platforms.Build.0 = Debug|Any CPU
		{09462FDB-2D40-45B3-A866-D0B00B0BFEC6}.Debug|x86.ActiveCfg = Debug|Any CPU
		{09462FDB-2D40-45B3-A866-D0B00B0BFEC6}.Release|Any CPU.ActiveCfg = Release|Any CPU
		{09462FDB-2D40-45B3-A866-D0B00B0BFEC6}.Release|Any CPU.Build.0 = Release|Any CPU
		{09462FDB-2D40-45B3-A866-D0B00B0BFEC6}.Release|Mixed Platforms.ActiveCfg = Release|Any CPU
		{09462FDB-2D40-45B3-A866-D0B00B0BFEC6}.Release|Mixed Platforms.Build.0 = Release|Any CPU
		{09462FDB-2D40-45B3-A866-D0B00B0BFEC6}.Release|x86.ActiveCfg = Release|Any CPU
	EndGlobalSection
	GlobalSection(SolutionProperties) = preSolution
		HideSolutionNode = FALSE
	EndGlobalSection
EndGlobal
